
Microsoft Visual Studio Solution File, Format Version 12.00
# Visual Studio Version 17
VisualStudioVersion = 17.5.33424.131
MinimumVisualStudioVersion = 10.0.40219.1
Project("{FAE04EC0-301F-11D3-BF4B-00C04F79EFBC}") = "Тест", "Тест.csproj", "{DC02FF23-C59F-4678-8552-E280EADD8272}"
EndProject
Global
	GlobalSection(SolutionConfigurationPlatforms) = preSolution
		Debug|Any CPU = Debug|Any CPU
		Release|Any CPU = Release|Any CPU
	EndGlobalSection
	GlobalSection(ProjectConfigurationPlatforms) = postSolution
		{DC02FF23-C59F-4678-8552-E280EADD8272}.Debug|Any CPU.ActiveCfg = Debug|Any CPU
		{DC02FF23-C59F-4678-8552-E280EADD8272}.Debug|Any CPU.Build.0 = Debug|Any CPU
		{DC02FF23-C59F-4678-8552-E280EADD8272}.Release|Any CPU.ActiveCfg = Release|Any CPU
		{DC02FF23-C59F-4678-8552-E280EADD8272}.Release|Any CPU.Build.0 = Release|Any CPU
	EndGlobalSection
	GlobalSection(SolutionProperties) = preSolution
		HideSolutionNode = FALSE
	EndGlobalSection
	GlobalSection(ExtensibilityGlobals) = postSolution
		SolutionGuid = {286D2F28-E6E6-440E-ABEA-C6E9C6839372}
	EndGlobalSection
EndGlobal
